{
    "name": "@bradthomasbrown/75bb14",
    "version": "1.0.1",
    "lockfileVersion": 3,
    "requires": true,
    "packages": {
        "": {
            "name": "@bradthomasbrown/75bb14",
            "version": "1.0.1",
            "dependencies": {
                "@bradthomasbrown/ecdsa": "^2.0.2",
                "@bradthomasbrown/ejra": "^1.0.6",
                "@bradthomasbrown/entity": "^1.0.2",
                "@bradthomasbrown/keccak": "^1.0.2",
                "@bradthomasbrown/rlp": "^1.0.0"
            },
            "devDependencies": {
                "@bradthomasbrown/900ef2": "^1.0.0",
                "@noble/curves": "^2.0.1",
                "@noble/secp256k1": "^3.0.0",
                "@types/bun": "^1.3.5"
            }
        },
        "node_modules/@bradthomasbrown/900ef2": {
            "version": "1.0.0",
            "resolved": "https://registry.npmjs.org/@bradthomasbrown/900ef2/-/900ef2-1.0.0.tgz",
            "integrity": "sha512-Q4ZiC3jHlS2wzF7Wia7dpEupTyebZvVNznPjrxoIjH+JuR0ReOxj5Cec/QqxPvms9zUlOBsvnBa8wtnoLsJg6g==",
            "dev": true,
            "dependencies": {
                "@bradthomasbrown/ejra": "^1.0.5",
                "@bradthomasbrown/podman": "^1.1.7"
            }
        },
        "node_modules/@bradthomasbrown/ecdsa": {
            "version": "2.0.2",
            "resolved": "https://registry.npmjs.org/@bradthomasbrown/ecdsa/-/ecdsa-2.0.2.tgz",
            "integrity": "sha512-vX1hHE8zFVAHC+nWoj/oS1RcNsU8wK/QMLGXtKzTSf3QJc4Qwzdux+17uu18qazToRQlZ222pZScEbfwdXWAOg==",
            "dependencies": {
                "@bradthomasbrown/finite-curve": "^3.0.0",
                "@bradthomasbrown/finite-domain": "^2.0.0",
                "@bradthomasbrown/keccak": "^1.0.2"
            }
        },
        "node_modules/@bradthomasbrown/ejra": {
            "version": "1.0.6",
            "resolved": "https://registry.npmjs.org/@bradthomasbrown/ejra/-/ejra-1.0.6.tgz",
            "integrity": "sha512-33VDrlvNCV9Gqx5RMAcDWkqMJXMDBeK3/Y+R/EOU/H0Z9mFcCi5dlQDeqLJNbwh+e3QOkXjH20lrGxB32QR4dw==",
            "dependencies": {
                "@bradthomasbrown/jra": "^1.0.6"
            }
        },
        "node_modules/@bradthomasbrown/entity": {
            "version": "1.0.2",
            "resolved": "https://registry.npmjs.org/@bradthomasbrown/entity/-/entity-1.0.2.tgz",
            "integrity": "sha512-E/hI5L7DIku8IuSPSOzGfO42LXE6SuwzALIoV0DQ8SPsRmxQu9JuaaGiRLSEjWXchtkBx24P6HTUKfqKPVjnmg==",
            "dependencies": {
                "@bradthomasbrown/ecdsa": "^2.0.2",
                "@bradthomasbrown/finite-curve": "^3.0.0",
                "@bradthomasbrown/finite-domain": "^2.0.0",
                "@bradthomasbrown/keccak": "^1.0.2"
            }
        },
        "node_modules/@bradthomasbrown/finite-curve": {
            "version": "3.0.0",
            "resolved": "https://registry.npmjs.org/@bradthomasbrown/finite-curve/-/finite-curve-3.0.0.tgz",
            "integrity": "sha512-iUnTvhfAjp5iYWU89KWyNMRN4Z1SdeOB963vMW48ea3/OgSWCcgtd7BM2mZJm/hez0+iEPo8LIFuE5EsH6jzqA==",
            "dependencies": {
                "@bradthomasbrown/finite-field": "^2.0.0"
            }
        },
        "node_modules/@bradthomasbrown/finite-domain": {
            "version": "2.0.0",
            "resolved": "https://registry.npmjs.org/@bradthomasbrown/finite-domain/-/finite-domain-2.0.0.tgz",
            "integrity": "sha512-cGJsXPFKQ+CkGexolfTD8k3I6XIXN5iODPcBKZ7TaivVWezuMCVH1rApWzhZHVL4PYAYJZuX2UfFoXJ/Ewsuew==",
            "dependencies": {
                "@bradthomasbrown/finite-curve": "^3.0.0",
                "@bradthomasbrown/finite-field": "^2.0.0"
            }
        },
        "node_modules/@bradthomasbrown/finite-field": {
            "version": "2.0.6",
            "resolved": "https://registry.npmjs.org/@bradthomasbrown/finite-field/-/finite-field-2.0.6.tgz",
            "integrity": "sha512-0in7LXWOwRZsKVmJU+7AnBsBQIbQUSXTl6K4dca69MX6lzMSQItap5X3Pvu49ZhKt3G8gMPJMrZd85+Fs5PGxg=="
        },
        "node_modules/@bradthomasbrown/jra": {
            "version": "1.0.6",
            "resolved": "https://registry.npmjs.org/@bradthomasbrown/jra/-/jra-1.0.6.tgz",
            "integrity": "sha512-Rhj65BY2sn6IDedRuiqQH/yeK4xqRZDrBvCH2IqlnNY1tkPu9/9PLyMub4sZmq7WsBMze43gTiiJ8PuqUIemIw=="
        },
        "node_modules/@bradthomasbrown/keccak": {
            "version": "1.0.2",
            "resolved": "https://registry.npmjs.org/@bradthomasbrown/keccak/-/keccak-1.0.2.tgz",
            "integrity": "sha512-Jdj5CN/ZsmZleHMuSr2WWxYnUrAPrrIOKq4FLGFubmKZ/k+TwVh0WtP1lofBkuGlFw4yDaVE0KSeVXJgkg8z+Q=="
        },
        "node_modules/@bradthomasbrown/podman": {
            "version": "1.1.7",
            "resolved": "https://registry.npmjs.org/@bradthomasbrown/podman/-/podman-1.1.7.tgz",
            "integrity": "sha512-t8/yLda6k/T2BgrztvdIJbIZjBPCvVqJG524ceCNW6oPa7cwP0uT49yrhXHfj4dsicONKOTHYFcWzDGjx9hb6g==",
            "dev": true
        },
        "node_modules/@bradthomasbrown/rlp": {
            "version": "1.0.0",
            "resolved": "https://registry.npmjs.org/@bradthomasbrown/rlp/-/rlp-1.0.0.tgz",
            "integrity": "sha512-XoFHsXsIhwVfkgwneB9K75ydSR2vTW+EdoomgZOPzntSY0umkeOlqIhPvt1nus6SvqjfwgtmuwXJbMxshmXZag=="
        },
        "node_modules/@noble/curves": {
            "version": "2.0.1",
            "resolved": "https://registry.npmjs.org/@noble/curves/-/curves-2.0.1.tgz",
            "integrity": "sha512-vs1Az2OOTBiP4q0pwjW5aF0xp9n4MxVrmkFBxc6EKZc6ddYx5gaZiAsZoq0uRRXWbi3AT/sBqn05eRPtn1JCPw==",
            "dev": true,
            "license": "MIT",
            "dependencies": {
                "@noble/hashes": "2.0.1"
            },
            "engines": {
                "node": ">= 20.19.0"
            },
            "funding": {
                "url": "https://paulmillr.com/funding/"
            }
        },
        "node_modules/@noble/hashes": {
            "version": "2.0.1",
            "resolved": "https://registry.npmjs.org/@noble/hashes/-/hashes-2.0.1.tgz",
            "integrity": "sha512-XlOlEbQcE9fmuXxrVTXCTlG2nlRXa9Rj3rr5Ue/+tX+nmkgbX720YHh0VR3hBF9xDvwnb8D2shVGOwNx+ulArw==",
            "dev": true,
            "license": "MIT",
            "engines": {
                "node": ">= 20.19.0"
            },
            "funding": {
                "url": "https://paulmillr.com/funding/"
            }
        },
        "node_modules/@noble/secp256k1": {
            "version": "3.0.0",
            "resolved": "https://registry.npmjs.org/@noble/secp256k1/-/secp256k1-3.0.0.tgz",
            "integrity": "sha512-NJBaR352KyIvj3t6sgT/+7xrNyF9Xk9QlLSIqUGVUYlsnDTAUqY8LOmwpcgEx4AMJXRITQ5XEVHD+mMaPfr3mg==",
            "dev": true,
            "license": "MIT",
            "funding": {
                "url": "https://paulmillr.com/funding/"
            }
        },
        "node_modules/@types/bun": {
            "version": "1.3.5",
            "resolved": "https://registry.npmjs.org/@types/bun/-/bun-1.3.5.tgz",
            "integrity": "sha512-RnygCqNrd3srIPEWBd5LFeUYG7plCoH2Yw9WaZGyNmdTEei+gWaHqydbaIRkIkcbXwhBT94q78QljxN0Sk838w==",
            "dev": true,
            "license": "MIT",
            "dependencies": {
                "bun-types": "1.3.5"
            }
        },
        "node_modules/@types/node": {
            "version": "25.0.3",
            "resolved": "https://registry.npmjs.org/@types/node/-/node-25.0.3.tgz",
            "integrity": "sha512-W609buLVRVmeW693xKfzHeIV6nJGGz98uCPfeXI1ELMLXVeKYZ9m15fAMSaUPBHYLGFsVRcMmSCksQOrZV9BYA==",
            "dev": true,
            "license": "MIT",
            "dependencies": {
                "undici-types": "~7.16.0"
            }
        },
        "node_modules/bun-types": {
            "version": "1.3.5",
            "resolved": "https://registry.npmjs.org/bun-types/-/bun-types-1.3.5.tgz",
            "integrity": "sha512-inmAYe2PFLs0SUbFOWSVD24sg1jFlMPxOjOSSCYqUgn4Hsc3rDc7dFvfVYjFPNHtov6kgUeulV4SxbuIV/stPw==",
            "dev": true,
            "license": "MIT",
            "dependencies": {
                "@types/node": "*"
            }
        },
        "node_modules/undici-types": {
            "version": "7.16.0",
            "resolved": "https://registry.npmjs.org/undici-types/-/undici-types-7.16.0.tgz",
            "integrity": "sha512-Zz+aZWSj8LE6zoxD+xrjh4VfkIG8Ya6LvYkZqtUQGJPZjYl53ypCaUwWqo7eI0x66KBGeRo+mlBEkMSeSZ38Nw==",
            "dev": true,
            "license": "MIT"
        }
    }
}
